{
  "nodes": {
    "dkm": {
      "inputs": {
        "flake-utils": [
          "flake-utils"
        ],
        "nixpkgs": [
          "nixpkgs"
        ]
      },
      "locked": {
        "lastModified": 1745585544,
        "narHash": "sha256-oB5pX8dXVN6HvrUAdkDKEW6NNAShc+O0JYFc6zAdlZI=",
        "owner": "dogebox-wg",
        "repo": "dkm",
        "rev": "fe17a45f030539737af43f596ed93a3f57fd7d93",
        "type": "github"
      },
      "original": {
        "owner": "dogebox-wg",
        "repo": "dkm",
        "type": "github"
      }
    },
    "dogeboxd": {
      "inputs": {
        "dpanel-src": [
          "dpanel"
        ],
        "flake-utils": [
          "flake-utils"
        ],
        "nixpkgs": [
          "nixpkgs"
        ]
      },
      "locked": {
        "lastModified": 1745993487,
        "narHash": "sha256-PHVgV9XVILVuGsTA85mLbMqb3mLLwUGLZ0dfxborjcI=",
        "owner": "dogebox-wg",
        "repo": "dogeboxd",
        "rev": "1253bdc6908c6598c92010b5b8a88f69ff895b6a",
        "type": "github"
      },
      "original": {
        "owner": "dogebox-wg",
        "repo": "dogeboxd",
        "type": "github"
      }
    },
    "dpanel": {
      "inputs": {
        "flake-utils": [
          "flake-utils"
        ],
        "nixpkgs": [
          "nixpkgs"
        ]
      },
      "locked": {
        "lastModified": 1745983412,
        "narHash": "sha256-TLfZU0/zuhyx1J4DOLPg962ma0vJs7HYF9zjSCJ1Vh4=",
        "owner": "dogebox-wg",
        "repo": "dpanel",
        "rev": "6cb1a74508bb0aa0d44aa41dbb2a3315fec0dadb",
        "type": "github"
      },
      "original": {
        "owner": "dogebox-wg",
        "repo": "dpanel",
        "type": "github"
      }
    },
    "flake-utils": {
      "inputs": {
        "systems": "systems"
      },
      "locked": {
        "lastModified": 1731533236,
        "narHash": "sha256-l0KFg5HjrsfsO/JpG+r7fRrqm12kzFHyUHqHCVpMMbI=",
        "owner": "numtide",
        "repo": "flake-utils",
        "rev": "11707dc2f618dd54ca8739b309ec4fc024de578b",
        "type": "github"
      },
      "original": {
        "owner": "numtide",
        "repo": "flake-utils",
        "type": "github"
      }
    },
    "nixpkgs": {
      "locked": {
        "lastModified": 1748437600,
        "narHash": "sha256-hYKMs3ilp09anGO7xzfGs3JqEgUqFMnZ8GMAqI6/k04=",
        "owner": "NixOS",
        "repo": "nixpkgs",
        "rev": "7282cb574e0607e65224d33be8241eae7cfe0979",
        "type": "github"
      },
      "original": {
        "id": "nixpkgs",
        "ref": "nixos-25.05",
        "type": "indirect"
      }
    },
    "root": {
      "inputs": {
        "dkm": "dkm",
        "dogeboxd": "dogeboxd",
        "dpanel": "dpanel",
        "flake-utils": "flake-utils",
        "nixpkgs": "nixpkgs"
      }
    },
    "systems": {
      "locked": {
        "lastModified": 1681028828,
        "narHash": "sha256-Vy1rq5AaRuLzOxct8nz4T6wlgyUR7zLU309k9mBC768=",
        "owner": "nix-systems",
        "repo": "default",
        "rev": "da67096a3b9bf56a91d16901293e51ba5b49a27e",
        "type": "github"
      },
      "original": {
        "owner": "nix-systems",
        "repo": "default",
        "type": "github"
      }
    }
  },
  "root": "root",
  "version": 7
}
